// !$*UTF8*$!
{ archiveVersion = 1; classes = {}; objectVersion = 56; objects = {
DA812000000000000000006 = { isa = PBXFileReference; lastKnownFileType = folder; path = "../Resources/Licenses"; sourceTree = "<group>"; };
DA812000000000000000007 = { isa = PBXBuildFile; fileRef = DA812000000000000000006; };
DA812000000000000000001 = { isa = XCLocalSwiftPackageReference; relativePath = "../Vendor/OpenAI"; };
DA812000000000000000002 = { isa = XCSwiftPackageProductDependency; package = DA812000000000000000001; productName = OpenAI; };
DA812000000000000000003 = { isa = PBXBuildFile; productRef = DA812000000000000000002; };
DA812000000000000000004 = { isa = PBXFileReference; lastKnownFileType = sourcecode.swift; path = "NoteLibrary/AI/CompatibleAIClient.swift"; sourceTree = "<group>"; };
DA812000000000000000005 = { isa = PBXBuildFile; fileRef = DA812000000000000000004; };

DA8800000000000000000001 = { isa = PBXFileReference; lastKnownFileType = sourcecode.swift; path = "NoteLibrary/Core/LibrarySearch.swift"; sourceTree = "<group>"; };
DA8800000000000000000002 = { isa = PBXBuildFile; fileRef = DA8800000000000000000001; };
DA8800000000000000000003 = { isa = PBXFileReference; lastKnownFileType = sourcecode.swift; path = "NoteLibrary/Views/SearchHighlights.swift"; sourceTree = "<group>"; };
DA8800000000000000000004 = { isa = PBXBuildFile; fileRef = DA8800000000000000000003; };
DA8700000000000000000001 = { isa = PBXFileReference; lastKnownFileType = sourcecode.swift; path = "NoteLibrary/Views/NotebookTopicsView.swift"; sourceTree = "<group>"; };
DA8700000000000000000002 = { isa = PBXBuildFile; fileRef = DA8700000000000000000001; };
ED8500000000000000002001 = { isa = PBXFileReference; lastKnownFileType = folder; path = "../Resources/ExportLayout"; sourceTree = "<group>"; };
ED8500000000000000002002 = { isa = PBXBuildFile; fileRef = ED8500000000000000002001; };
ED8500000000000000001001 = { isa = PBXFileReference; lastKnownFileType = sourcecode.swift; path = "../Tests/NoteLibraryTests/ExportTests.swift"; sourceTree = "<group>"; };
ED8500000000000000001002 = { isa = PBXBuildFile; fileRef = ED8500000000000000001001; };
ED8500000000000000000031 = { isa = PBXFileReference; lastKnownFileType = sourcecode.swift; path = "NoteLibrary/Views/NoteExportView.swift"; sourceTree = "<group>"; };
ED8500000000000000000032 = { isa = PBXBuildFile; fileRef = ED8500000000000000000031; };
ED8500000000000000000021 = { isa = PBXFileReference; lastKnownFileType = sourcecode.swift; path = "NoteLibrary/Core/WordNoteExport.swift"; sourceTree = "<group>"; };
ED8500000000000000000022 = { isa = PBXBuildFile; fileRef = ED8500000000000000000021; };
ED8500000000000000000011 = { isa = PBXFileReference; lastKnownFileType = sourcecode.swift; path = "NoteLibrary/Core/NoteExport.swift"; sourceTree = "<group>"; };
ED8500000000000000000012 = { isa = PBXBuildFile; fileRef = ED8500000000000000000011; };
DA8200000000000000000001 = { isa = PBXFileReference; lastKnownFileType = sourcecode.swift; path = "NoteLibrary/Views/FloatingControls.swift"; sourceTree = "<group>"; };
DA8200000000000000000002 = { isa = PBXBuildFile; fileRef = DA8200000000000000000001; };
DA8000000000000000000001 = { isa = PBXFileReference; lastKnownFileType = sourcecode.swift; path = "NoteLibrary/Core/StudyLearning.swift"; sourceTree = "<group>"; };
DA8000000000000000000002 = { isa = PBXBuildFile; fileRef = DA8000000000000000000001; };
DA7800000000000000000003 = { isa = PBXFileReference; lastKnownFileType = sourcecode.swift; path = "NoteLibrary/Views/StudyDiagramView.swift"; sourceTree = "<group>"; };
DA7800000000000000000004 = { isa = PBXBuildFile; fileRef = DA7800000000000000000003; };
DA7800000000000000000001 = { isa = PBXFileReference; lastKnownFileType = sourcecode.swift; path = "NoteLibrary/Core/StudyDiagram.swift"; sourceTree = "<group>"; };
DA7800000000000000000002 = { isa = PBXBuildFile; fileRef = DA7800000000000000000001; };
DA7100000000000000000001 = { isa = PBXFileReference; lastKnownFileType = sourcecode.swift; path = "../Tests/NoteLibraryTests/ImagePipelineTests.swift"; sourceTree = "<group>"; };
DA7100000000000000000002 = { isa = PBXBuildFile; fileRef = DA7100000000000000000001; };
D45564FD7978866586B6486D = { isa = PBXFileReference; lastKnownFileType = sourcecode.swift; path = "NoteLibrary/Views/SourceImageView.swift"; sourceTree = "<group>"; };
AFDFB9A13342B25FD372C7CE = { isa = PBXBuildFile; fileRef = D45564FD7978866586B6486D; };

D18D8A2327856F7B9BD57197 = { isa = PBXFileReference; lastKnownFileType = sourcecode.swift; path = "NoteLibrary/Core/ImagePipeline.swift"; sourceTree = "<group>"; };
903C9E9CF52613D503A0157F = { isa = PBXBuildFile; fileRef = D18D8A2327856F7B9BD57197; };

DA7000000000000000000001 = { isa = PBXFileReference; lastKnownFileType = sourcecode.swift; path = "../Tests/NoteLibraryTests/SourceImportTests.swift"; sourceTree = "<group>"; };
DA7000000000000000000002 = { isa = PBXBuildFile; fileRef = DA7000000000000000000001; };
DA7000000000000000000003 = { isa = PBXFileReference; lastKnownFileType = folder; path = "../Tests/Fixtures"; sourceTree = "<group>"; };
DA7000000000000000000004 = { isa = PBXBuildFile; fileRef = DA7000000000000000000003; };
DA7000000000000000000005 = { isa = PBXResourcesBuildPhase; buildActionMask = 2147483647; files = (DA7000000000000000000004,); runOnlyForDeploymentPostprocessing = 0; };

4FA7CE0C255445FE3960799B = { isa = PBXFileReference; lastKnownFileType = sourcecode.swift; path = "NoteLibrary/Views/SourcePreview.swift"; sourceTree = "<group>"; };
05B49FD2AA70713A047CA081 = { isa = PBXBuildFile; fileRef = 4FA7CE0C255445FE3960799B; };

D5C9FE9CA5545DBB2E9FEF16 = { isa = PBXFileReference; lastKnownFileType = sourcecode.swift; path = "NoteLibrary/Core/LegacyPowerPoint.swift"; sourceTree = "<group>"; };
1452A70630D95B1CE8715344 = { isa = PBXBuildFile; fileRef = D5C9FE9CA5545DBB2E9FEF16; };

E64F361D60CE8258904DC8B0 = { isa = PBXFileReference; lastKnownFileType = sourcecode.swift; path = "NoteLibrary/Core/SourceImport.swift"; sourceTree = "<group>"; };
17EB099FDFA009C266F98FEC = { isa = PBXBuildFile; fileRef = E64F361D60CE8258904DC8B0; };

FFBD283D06098AD4E1504CEE = { isa = PBXFileReference; lastKnownFileType = sourcecode.swift; path = "NoteLibrary/Core/OfficeArchive.swift"; sourceTree = "<group>"; };
819F00D6AE7A9F7C2C58D672 = { isa = PBXBuildFile; fileRef = FFBD283D06098AD4E1504CEE; };

AD2026100200000000000001 = { isa = PBXFileReference; lastKnownFileType = text; path = "../Resources/AI_BRAND_ICONS_LICENSE.txt"; sourceTree = "<group>"; };
AD2026100200000000000002 = { isa = PBXBuildFile; fileRef = AD2026100200000000000001; };
DA5000000000000000000003 = { isa = PBXFileReference; lastKnownFileType = sourcecode.swift; path = "NoteLibrary/Views/NoteReferencesView.swift"; sourceTree = "<group>"; };
DA5000000000000000000004 = { isa = PBXBuildFile; fileRef = DA5000000000000000000003; };
DA5000000000000000000001 = { isa = PBXFileReference; lastKnownFileType = sourcecode.swift; path = "NoteLibrary/Core/NoteRetrieval.swift"; sourceTree = "<group>"; };
DA5000000000000000000002 = { isa = PBXBuildFile; fileRef = DA5000000000000000000001; };
06E043A7D38920D7C73ECAC1 = { isa = PBXFileReference; lastKnownFileType = sourcecode.swift; path = "NoteLibrary/AI/AIService.swift"; sourceTree = "<group>"; };
40A2F701CAC54564CFF0E2EA = { isa = PBXBuildFile; fileRef = 06E043A7D38920D7C73ECAC1; };
74D4781AE106D583AA6C377B = { isa = PBXFileReference; lastKnownFileType = sourcecode.swift; path = "NoteLibrary/AI/CodexClient.swift"; sourceTree = "<group>"; };
23F849448AEAC950DAAC6E94 = { isa = PBXBuildFile; fileRef = 74D4781AE106D583AA6C377B; };
C706A35C7C8D63EF31276630 = { isa = PBXFileReference; lastKnownFileType = sourcecode.swift; path = "NoteLibrary/Core/AppModel.swift"; sourceTree = "<group>"; };
D7C813B5B81618EADE246D7C = { isa = PBXBuildFile; fileRef = C706A35C7C8D63EF31276630; };
4BE0326D9EDD7C10CB03E363 = { isa = PBXFileReference; lastKnownFileType = sourcecode.swift; path = "NoteLibrary/Core/BlockOrder.swift"; sourceTree = "<group>"; };
57B683DC4B18D0D94994739C = { isa = PBXBuildFile; fileRef = 4BE0326D9EDD7C10CB03E363; };
96635AD051AC113BDA755DBA = { isa = PBXFileReference; lastKnownFileType = sourcecode.swift; path = "NoteLibrary/Core/ChatPresentation.swift"; sourceTree = "<group>"; };
85F3545A27B70A773529D580 = { isa = PBXBuildFile; fileRef = 96635AD051AC113BDA755DBA; };
E7CEBC5A8EB36AE21EC2809F = { isa = PBXFileReference; lastKnownFileType = sourcecode.swift; path = "NoteLibrary/Core/ConversationContext.swift"; sourceTree = "<group>"; };
2B30F87504A6F15993612906 = { isa = PBXBuildFile; fileRef = E7CEBC5A8EB36AE21EC2809F; };
0E19C13B49C8E5BD4BABAF66 = { isa = PBXFileReference; lastKnownFileType = sourcecode.swift; path = "NoteLibrary/Core/Database.swift"; sourceTree = "<group>"; };
249D38476A69343672471B92 = { isa = PBXBuildFile; fileRef = 0E19C13B49C8E5BD4BABAF66; };
ADA061A910A308BD558A633D = { isa = PBXFileReference; lastKnownFileType = sourcecode.swift; path = "NoteLibrary/Core/LibraryActions.swift"; sourceTree = "<group>"; };
B5FF1C663740D3FA5FDA73B7 = { isa = PBXBuildFile; fileRef = ADA061A910A308BD558A633D; };
10D853B2D751BA56C40E711B = { isa = PBXFileReference; lastKnownFileType = sourcecode.swift; path = "NoteLibrary/Core/LibraryScope.swift"; sourceTree = "<group>"; };
3515FABB88674DDC697CBF34 = { isa = PBXBuildFile; fileRef = 10D853B2D751BA56C40E711B; };
D5A0B7C0DF4FDD760EC6A9F9 = { isa = PBXFileReference; lastKnownFileType = sourcecode.swift; path = "NoteLibrary/Core/Models.swift"; sourceTree = "<group>"; };
45A9F5441958A45378AF554F = { isa = PBXBuildFile; fileRef = D5A0B7C0DF4FDD760EC6A9F9; };
756CCF2EB7D1BB2A6E32C6FB = { isa = PBXFileReference; lastKnownFileType = sourcecode.swift; path = "NoteLibrary/Core/NoteEngine.swift"; sourceTree = "<group>"; };
4B5A97895A76B2EC8782C472 = { isa = PBXBuildFile; fileRef = 756CCF2EB7D1BB2A6E32C6FB; };
DC54CC76CE31D329716FC126 = { isa = PBXFileReference; lastKnownFileType = sourcecode.swift; path = "NoteLibrary/Core/RecoveryEngine.swift"; sourceTree = "<group>"; };
0AAE4350F13B908CA81B140A = { isa = PBXBuildFile; fileRef = DC54CC76CE31D329716FC126; };
CA0E56333FE97270E5B87115 = { isa = PBXFileReference; lastKnownFileType = sourcecode.swift; path = "NoteLibrary/NoteLibraryApp.swift"; sourceTree = "<group>"; };
B9BC6E6BA964ECDB961819BE = { isa = PBXBuildFile; fileRef = CA0E56333FE97270E5B87115; };
483C95F890B034C781EBBE3A = { isa = PBXFileReference; lastKnownFileType = sourcecode.swift; path = "NoteLibrary/Views/AIConnectionSettings.swift"; sourceTree = "<group>"; };
066BF6E36005DBE291CAC5F6 = { isa = PBXBuildFile; fileRef = 483C95F890B034C781EBBE3A; };
B1A46BB2614A16ABF7FF1F08 = { isa = PBXFileReference; lastKnownFileType = sourcecode.swift; path = "NoteLibrary/Views/AppearanceCoordinator.swift"; sourceTree = "<group>"; };
CF4317A7CA949EA56749BD5B = { isa = PBXBuildFile; fileRef = B1A46BB2614A16ABF7FF1F08; };
D95D27175E113E63A9A26FA9 = { isa = PBXFileReference; lastKnownFileType = sourcecode.swift; path = "NoteLibrary/Views/BlockDragHandle.swift"; sourceTree = "<group>"; };
8BE87649EDA790725E57B965 = { isa = PBXBuildFile; fileRef = D95D27175E113E63A9A26FA9; };
0D74EBCB1E3DC75B5212A9FB = { isa = PBXFileReference; lastKnownFileType = sourcecode.swift; path = "NoteLibrary/Views/BookshelfView.swift"; sourceTree = "<group>"; };
83AC45C724E85DC16DD3F649 = { isa = PBXBuildFile; fileRef = 0D74EBCB1E3DC75B5212A9FB; };
40D76B1016DAE5C6C8C445EC = { isa = PBXFileReference; lastKnownFileType = sourcecode.swift; path = "NoteLibrary/Views/ChapterNavigator.swift"; sourceTree = "<group>"; };
8196BC1861503EFBE21F6952 = { isa = PBXBuildFile; fileRef = 40D76B1016DAE5C6C8C445EC; };
C81B93E7172040257AD76799 = { isa = PBXFileReference; lastKnownFileType = sourcecode.swift; path = "NoteLibrary/Views/ChatControls.swift"; sourceTree = "<group>"; };
A5DD92C689BC385091604797 = { isa = PBXBuildFile; fileRef = C81B93E7172040257AD76799; };
127645A5B1742AD3C7E1AB21 = { isa = PBXFileReference; lastKnownFileType = sourcecode.swift; path = "NoteLibrary/Views/ChatView.swift"; sourceTree = "<group>"; };
E62A8689A66F5054A0CE4F2E = { isa = PBXBuildFile; fileRef = 127645A5B1742AD3C7E1AB21; };
64D8B652617F94D0E940AD3A = { isa = PBXFileReference; lastKnownFileType = sourcecode.swift; path = "NoteLibrary/Views/ContextDetailView.swift"; sourceTree = "<group>"; };
140316D59AECDB635127340E = { isa = PBXBuildFile; fileRef = 64D8B652617F94D0E940AD3A; };
4F5D3DEC426BA01DEC49CDEA = { isa = PBXFileReference; lastKnownFileType = sourcecode.swift; path = "NoteLibrary/Views/DesignSystem.swift"; sourceTree = "<group>"; };
5E10033B72D45F200ACA7463 = { isa = PBXBuildFile; fileRef = 4F5D3DEC426BA01DEC49CDEA; };
181A6D8D2BC24A6F4396FECB = { isa = PBXFileReference; lastKnownFileType = sourcecode.swift; path = "NoteLibrary/Views/DocumentView.swift"; sourceTree = "<group>"; };
CC423650119BC564DF7F1130 = { isa = PBXBuildFile; fileRef = 181A6D8D2BC24A6F4396FECB; };
E986234F66B1377B5B4C9957 = { isa = PBXFileReference; lastKnownFileType = sourcecode.swift; path = "NoteLibrary/Views/LibraryView.swift"; sourceTree = "<group>"; };
207ED13C6C562586154EF73F = { isa = PBXBuildFile; fileRef = E986234F66B1377B5B4C9957; };
97313BEAC891D8E24E6E5359 = { isa = PBXFileReference; lastKnownFileType = sourcecode.swift; path = "NoteLibrary/Views/NoteActionsView.swift"; sourceTree = "<group>"; };
E62800288A619267F84998E5 = { isa = PBXBuildFile; fileRef = 97313BEAC891D8E24E6E5359; };
5101D379F377CFC20A4A7D7E = { isa = PBXFileReference; lastKnownFileType = sourcecode.swift; path = "NoteLibrary/Views/NoteEditor.swift"; sourceTree = "<group>"; };
292EEF53AEC812A844C5301F = { isa = PBXBuildFile; fileRef = 5101D379F377CFC20A4A7D7E; };
B70A71CBB0F7B2DEA85AD3E4 = { isa = PBXFileReference; lastKnownFileType = sourcecode.swift; path = "NoteLibrary/Views/PointerObserver.swift"; sourceTree = "<group>"; };
0950750AE27010AF4EF2ED2A = { isa = PBXBuildFile; fileRef = B70A71CBB0F7B2DEA85AD3E4; };
E484EB8F81BB6F1647A76EF6 = { isa = PBXFileReference; lastKnownFileType = sourcecode.swift; path = "NoteLibrary/Views/RecoveryView.swift"; sourceTree = "<group>"; };
5080AEC45D51F743BE4EDCC7 = { isa = PBXBuildFile; fileRef = E484EB8F81BB6F1647A76EF6; };
B2BB479C114B815C45BE5535 = { isa = PBXFileReference; lastKnownFileType = sourcecode.swift; path = "NoteLibrary/Views/RootView.swift"; sourceTree = "<group>"; };
242D23B1428C942592968C6D = { isa = PBXBuildFile; fileRef = B2BB479C114B815C45BE5535; };
D7556DF8152C083E716C2F53 = { isa = PBXFileReference; lastKnownFileType = sourcecode.swift; path = "NoteLibrary/Views/SettingsView.swift"; sourceTree = "<group>"; };
7C6D12E9835FEB7485CEB6B6 = { isa = PBXBuildFile; fileRef = D7556DF8152C083E716C2F53; };
23C8E65B1211226E7B8148C5 = { isa = PBXFileReference; lastKnownFileType = sourcecode.swift; path = "NoteLibrary/Views/WorkspaceView.swift"; sourceTree = "<group>"; };
6F5F15F6B1A41C12640408B6 = { isa = PBXBuildFile; fileRef = 23C8E65B1211226E7B8148C5; };
E05FCB614AB36FDEE72EE1F2 = { isa = PBXFileReference; lastKnownFileType = sourcecode.swift; path = "../Tests/NoteLibraryTests/CoreTests.swift"; sourceTree = "<group>"; };
80FAC02A0BD5812E2A00F339 = { isa = PBXBuildFile; fileRef = E05FCB614AB36FDEE72EE1F2; };
8BCD5BC4CDFDF0918087C782 = { isa = PBXFileReference; explicitFileType = wrapper.application; path = NoteLibrary.app; sourceTree = BUILT_PRODUCTS_DIR; };
F219C0274590DA45E4BEF1EA = { isa = PBXFileReference; explicitFileType = wrapper.cfbundle; path = NoteLibraryTests.xctest; sourceTree = BUILT_PRODUCTS_DIR; };
FBDC4F23F93125BBEEAE800C = { isa = PBXGroup; children = (8BCD5BC4CDFDF0918087C782,F219C0274590DA45E4BEF1EA,); name = Products; sourceTree = "<group>"; };
BCE16DD0260827ECF338C787 = { isa = PBXGroup; children = (DA8800000000000000000001,DA8800000000000000000003,DA8700000000000000000001,ED8500000000000000002001,ED8500000000000000000031,ED8500000000000000000021,ED8500000000000000000011,DA8200000000000000000001,DA8000000000000000000001,DA7800000000000000000003,DA7800000000000000000001,D45564FD7978866586B6486D,D18D8A2327856F7B9BD57197,4FA7CE0C255445FE3960799B,D5C9FE9CA5545DBB2E9FEF16,E64F361D60CE8258904DC8B0,FFBD283D06098AD4E1504CEE,DA5000000000000000000003,DA5000000000000000000001,06E043A7D38920D7C73ECAC1,74D4781AE106D583AA6C377B,C706A35C7C8D63EF31276630,4BE0326D9EDD7C10CB03E363,96635AD051AC113BDA755DBA,E7CEBC5A8EB36AE21EC2809F,0E19C13B49C8E5BD4BABAF66,ADA061A910A308BD558A633D,10D853B2D751BA56C40E711B,D5A0B7C0DF4FDD760EC6A9F9,756CCF2EB7D1BB2A6E32C6FB,DC54CC76CE31D329716FC126,CA0E56333FE97270E5B87115,483C95F890B034C781EBBE3A,B1A46BB2614A16ABF7FF1F08,D95D27175E113E63A9A26FA9,0D74EBCB1E3DC75B5212A9FB,40D76B1016DAE5C6C8C445EC,C81B93E7172040257AD76799,127645A5B1742AD3C7E1AB21,64D8B652617F94D0E940AD3A,4F5D3DEC426BA01DEC49CDEA,181A6D8D2BC24A6F4396FECB,E986234F66B1377B5B4C9957,97313BEAC891D8E24E6E5359,5101D379F377CFC20A4A7D7E,B70A71CBB0F7B2DEA85AD3E4,E484EB8F81BB6F1647A76EF6,B2BB479C114B815C45BE5535,D7556DF8152C083E716C2F53,23C8E65B1211226E7B8148C5,); name = Sources; sourceTree = "<group>"; };
04D13FD0AA6F0197CF2C9990 = { isa = PBXGroup; children = (ED8500000000000000001001,DA7100000000000000000001,DA7000000000000000000001,DA7000000000000000000003,E05FCB614AB36FDEE72EE1F2,); name = Tests; sourceTree = "<group>"; };
B28B7AF69320201D1CF206EB = { isa = PBXGroup; children = (DA812000000000000000006,DA812000000000000000004,BCE16DD0260827ECF338C787,04D13FD0AA6F0197CF2C9990,FBDC4F23F93125BBEEAE800C,); sourceTree = "<group>"; };
971ED9D05B25DB6C4D7680D4 = { isa = PBXSourcesBuildPhase; buildActionMask = 2147483647; files = (DA812000000000000000005,DA8800000000000000000002,DA8800000000000000000004,DA8700000000000000000002,ED8500000000000000000032,ED8500000000000000000022,ED8500000000000000000012,DA8200000000000000000002,DA8000000000000000000002,DA7800000000000000000004,DA7800000000000000000002,AFDFB9A13342B25FD372C7CE,903C9E9CF52613D503A0157F,05B49FD2AA70713A047CA081,1452A70630D95B1CE8715344,17EB099FDFA009C266F98FEC,819F00D6AE7A9F7C2C58D672,DA5000000000000000000004,DA5000000000000000000002,40A2F701CAC54564CFF0E2EA,23F849448AEAC950DAAC6E94,D7C813B5B81618EADE246D7C,57B683DC4B18D0D94994739C,85F3545A27B70A773529D580,2B30F87504A6F15993612906,249D38476A69343672471B92,B5FF1C663740D3FA5FDA73B7,3515FABB88674DDC697CBF34,45A9F5441958A45378AF554F,4B5A97895A76B2EC8782C472,0AAE4350F13B908CA81B140A,B9BC6E6BA964ECDB961819BE,066BF6E36005DBE291CAC5F6,CF4317A7CA949EA56749BD5B,8BE87649EDA790725E57B965,83AC45C724E85DC16DD3F649,8196BC1861503EFBE21F6952,A5DD92C689BC385091604797,E62A8689A66F5054A0CE4F2E,140316D59AECDB635127340E,5E10033B72D45F200ACA7463,CC423650119BC564DF7F1130,207ED13C6C562586154EF73F,E62800288A619267F84998E5,292EEF53AEC812A844C5301F,0950750AE27010AF4EF2ED2A,5080AEC45D51F743BE4EDCC7,242D23B1428C942592968C6D,7C6D12E9835FEB7485CEB6B6,6F5F15F6B1A41C12640408B6,); runOnlyForDeploymentPostprocessing = 0; };
6E431EB0650617AA1756B320 = { isa = PBXSourcesBuildPhase; buildActionMask = 2147483647; files = (ED8500000000000000001002,DA7100000000000000000002,DA7000000000000000000002,80FAC02A0BD5812E2A00F339,); runOnlyForDeploymentPostprocessing = 0; };
78AE8C6BEB2A40A6D824CCEE = { isa = PBXFrameworksBuildPhase; buildActionMask = 2147483647; files = (DA812000000000000000003,); runOnlyForDeploymentPostprocessing = 0; };
1ABF84E55BD30AC2CEF8FC42 = { isa = PBXFrameworksBuildPhase; buildActionMask = 2147483647; files = (); runOnlyForDeploymentPostprocessing = 0; };
DA7600000000000000000001 = { isa = PBXFileReference; lastKnownFileType = folder; path = "../Resources/Tools"; sourceTree = "<group>"; };
DA7600000000000000000002 = { isa = PBXBuildFile; fileRef = DA7600000000000000000001; };
927ABF65595AB4071A4B4452 = { isa = PBXFileReference; lastKnownFileType = folder; path = "../Resources/KaTeX"; sourceTree = "<group>"; };
FB92BC9C7CD0FEFFBBCB24A8 = { isa = PBXBuildFile; fileRef = 927ABF65595AB4071A4B4452; };
025A7DAC3FD4FDDE83971CD7 = { isa = PBXFileReference; lastKnownFileType = folder.assetcatalog; path = "NoteLibrary/Assets.xcassets"; sourceTree = "<group>"; };
581EDE80777EF9B20741F33B = { isa = PBXBuildFile; fileRef = 025A7DAC3FD4FDDE83971CD7; };
364863F9F2E558B0F50473FC = { isa = PBXResourcesBuildPhase; buildActionMask = 2147483647; files = (DA812000000000000000007,ED8500000000000000002002,DA7600000000000000000002,AD2026100200000000000002,FB92BC9C7CD0FEFFBBCB24A8,581EDE80777EF9B20741F33B,); runOnlyForDeploymentPostprocessing = 0; };
89E1FD6268CC0F221A2BE178 = { isa = XCBuildConfiguration; buildSettings = {MACOSX_DEPLOYMENT_TARGET = "15.0";SDKROOT = "macosx";SWIFT_VERSION = "5.0";CLANG_ENABLE_MODULES = "YES";CODE_SIGNING_ALLOWED = "NO";SWIFT_STRICT_CONCURRENCY = "minimal";SWIFT_OPTIMIZATION_LEVEL = "-Onone";DEBUG_INFORMATION_FORMAT = "dwarf";ENABLE_TESTABILITY = "YES";SWIFT_ACTIVE_COMPILATION_CONDITIONS = "DEBUG";ONLY_ACTIVE_ARCH = "YES";}; name = Debug; };
E6DE6C99132752C914FEF632 = { isa = XCBuildConfiguration; buildSettings = {MACOSX_DEPLOYMENT_TARGET = "15.0";SDKROOT = "macosx";SWIFT_VERSION = "5.0";CLANG_ENABLE_MODULES = "YES";CODE_SIGNING_ALLOWED = "NO";SWIFT_STRICT_CONCURRENCY = "minimal";SWIFT_OPTIMIZATION_LEVEL = "-O";DEBUG_INFORMATION_FORMAT = "dwarf-with-dsym";ENABLE_TESTABILITY = "NO";}; name = Release; };
389E3AB3166B5E85D4DB22E9 = { isa = XCConfigurationList; buildConfigurations = (89E1FD6268CC0F221A2BE178,E6DE6C99132752C914FEF632,); defaultConfigurationIsVisible = 0; defaultConfigurationName = Release; };
E9B2E96ABC5F6856F2BE79CF = { isa = XCBuildConfiguration; buildSettings = {MACOSX_DEPLOYMENT_TARGET = "15.0";SDKROOT = "macosx";SWIFT_VERSION = "5.0";CLANG_ENABLE_MODULES = "YES";CODE_SIGNING_ALLOWED = "NO";SWIFT_STRICT_CONCURRENCY = "minimal";ASSETCATALOG_COMPILER_APPICON_NAME = "AppIcon";PRODUCT_NAME = "NoteLibrary";PRODUCT_BUNDLE_IDENTIFIER = "dev.notelibrary.app";GENERATE_INFOPLIST_FILE = "YES";INFOPLIST_KEY_CFBundleDisplayName = "NoteLibrary";INFOPLIST_KEY_LSApplicationCategoryType = "public.app-category.productivity";INFOPLIST_KEY_NSHighResolutionCapable = "YES";INFOPLIST_KEY_NSAppTransportSecurity_NSAllowsLocalNetworking = "YES";LD_RUNPATH_SEARCH_PATHS = ("$(inherited)","@executable_path/../Frameworks",);OTHER_LDFLAGS = ("-lsqlite3","-lz",);ENABLE_APP_SANDBOX = "NO";MARKETING_VERSION = "0.8.15";CURRENT_PROJECT_VERSION = "54";SWIFT_EMIT_LOC_STRINGS = "YES";COMBINE_HIDPI_IMAGES = "YES";SWIFT_OPTIMIZATION_LEVEL = "-Onone";DEBUG_INFORMATION_FORMAT = "dwarf";ENABLE_TESTABILITY = "YES";SWIFT_ACTIVE_COMPILATION_CONDITIONS = "DEBUG";}; name = Debug; };
5A8C91857F674E16E2724F47 = { isa = XCBuildConfiguration; buildSettings = {MACOSX_DEPLOYMENT_TARGET = "15.0";SDKROOT = "macosx";SWIFT_VERSION = "5.0";CLANG_ENABLE_MODULES = "YES";CODE_SIGNING_ALLOWED = "NO";SWIFT_STRICT_CONCURRENCY = "minimal";ASSETCATALOG_COMPILER_APPICON_NAME = "AppIcon";PRODUCT_NAME = "NoteLibrary";PRODUCT_BUNDLE_IDENTIFIER = "dev.notelibrary.app";GENERATE_INFOPLIST_FILE = "YES";INFOPLIST_KEY_CFBundleDisplayName = "NoteLibrary";INFOPLIST_KEY_LSApplicationCategoryType = "public.app-category.productivity";INFOPLIST_KEY_NSHighResolutionCapable = "YES";INFOPLIST_KEY_NSAppTransportSecurity_NSAllowsLocalNetworking = "YES";LD_RUNPATH_SEARCH_PATHS = ("$(inherited)","@executable_path/../Frameworks",);OTHER_LDFLAGS = ("-lsqlite3","-lz",);ENABLE_APP_SANDBOX = "NO";MARKETING_VERSION = "0.8.15";CURRENT_PROJECT_VERSION = "54";SWIFT_EMIT_LOC_STRINGS = "YES";COMBINE_HIDPI_IMAGES = "YES";SWIFT_OPTIMIZATION_LEVEL = "-O";DEBUG_INFORMATION_FORMAT = "dwarf-with-dsym";ENABLE_TESTABILITY = "NO";}; name = Release; };
A35B84B959F54EFE1DB91090 = { isa = XCConfigurationList; buildConfigurations = (E9B2E96ABC5F6856F2BE79CF,5A8C91857F674E16E2724F47,); defaultConfigurationIsVisible = 0; defaultConfigurationName = Release; };
FCB48D8F88BCDB0ED9FADFD7 = { isa = XCBuildConfiguration; buildSettings = {MACOSX_DEPLOYMENT_TARGET = "15.0";SDKROOT = "macosx";SWIFT_VERSION = "5.0";CLANG_ENABLE_MODULES = "YES";CODE_SIGNING_ALLOWED = "NO";SWIFT_STRICT_CONCURRENCY = "minimal";PRODUCT_NAME = "NoteLibraryTests";PRODUCT_BUNDLE_IDENTIFIER = "dev.notelibrary.tests";GENERATE_INFOPLIST_FILE = "YES";TEST_HOST = "$(BUILT_PRODUCTS_DIR)/NoteLibrary.app/Contents/MacOS/NoteLibrary";BUNDLE_LOADER = "$(TEST_HOST)";LD_RUNPATH_SEARCH_PATHS = ("$(inherited)","@executable_path/../Frameworks","@loader_path/../Frameworks",);SWIFT_OPTIMIZATION_LEVEL = "-Onone";DEBUG_INFORMATION_FORMAT = "dwarf";ENABLE_TESTABILITY = "YES";SWIFT_ACTIVE_COMPILATION_CONDITIONS = "DEBUG";}; name = Debug; };
942EEBBACD6C88CAE7F29B29 = { isa = XCBuildConfiguration; buildSettings = {MACOSX_DEPLOYMENT_TARGET = "15.0";SDKROOT = "macosx";SWIFT_VERSION = "5.0";CLANG_ENABLE_MODULES = "YES";CODE_SIGNING_ALLOWED = "NO";SWIFT_STRICT_CONCURRENCY = "minimal";PRODUCT_NAME = "NoteLibraryTests";PRODUCT_BUNDLE_IDENTIFIER = "dev.notelibrary.tests";GENERATE_INFOPLIST_FILE = "YES";TEST_HOST = "$(BUILT_PRODUCTS_DIR)/NoteLibrary.app/Contents/MacOS/NoteLibrary";BUNDLE_LOADER = "$(TEST_HOST)";LD_RUNPATH_SEARCH_PATHS = ("$(inherited)","@executable_path/../Frameworks","@loader_path/../Frameworks",);SWIFT_OPTIMIZATION_LEVEL = "-O";DEBUG_INFORMATION_FORMAT = "dwarf-with-dsym";ENABLE_TESTABILITY = "NO";}; name = Release; };
88C9B326DFE4A7AE7FA486FE = { isa = XCConfigurationList; buildConfigurations = (FCB48D8F88BCDB0ED9FADFD7,942EEBBACD6C88CAE7F29B29,); defaultConfigurationIsVisible = 0; defaultConfigurationName = Release; };
D799BAE6088A90139B415FCC = { isa = PBXContainerItemProxy; containerPortal = 98F54143AB4E86B28C3AFEE0; proxyType = 1; remoteGlobalIDString = C13732C8E715C9BEE4FA51C9; remoteInfo = NoteLibrary; };
DE58E2B17C19600779694943 = { isa = PBXTargetDependency; target = C13732C8E715C9BEE4FA51C9; targetProxy = D799BAE6088A90139B415FCC; };
C13732C8E715C9BEE4FA51C9 = { isa = PBXNativeTarget; buildConfigurationList = A35B84B959F54EFE1DB91090; buildPhases = (971ED9D05B25DB6C4D7680D4,78AE8C6BEB2A40A6D824CCEE,364863F9F2E558B0F50473FC,); buildRules = (); dependencies = (); packageProductDependencies = (DA812000000000000000002,); name = NoteLibrary; productName = NoteLibrary; productReference = 8BCD5BC4CDFDF0918087C782; productType = "com.apple.product-type.application"; };
64BCB755386F844C96A2A5B0 = { isa = PBXNativeTarget; buildConfigurationList = 88C9B326DFE4A7AE7FA486FE; buildPhases = (DA7000000000000000000005,6E431EB0650617AA1756B320,1ABF84E55BD30AC2CEF8FC42,); buildRules = (); dependencies = (DE58E2B17C19600779694943,); name = NoteLibraryTests; productName = NoteLibraryTests; productReference = F219C0274590DA45E4BEF1EA; productType = "com.apple.product-type.bundle.unit-test"; };
98F54143AB4E86B28C3AFEE0 = { isa = PBXProject; attributes = { BuildIndependentTargetsInParallel = YES; LastUpgradeCheck = 2700; }; buildConfigurationList = 389E3AB3166B5E85D4DB22E9; compatibilityVersion = "Xcode 14.0"; developmentRegion = zh-Hans; hasScannedForEncodings = 0; knownRegions = (en,"zh-Hans",Base); mainGroup = B28B7AF69320201D1CF206EB; productRefGroup = FBDC4F23F93125BBEEAE800C; packageReferences = (DA812000000000000000001,); projectDirPath = ""; projectRoot = ""; targets = (C13732C8E715C9BEE4FA51C9,64BCB755386F844C96A2A5B0,); };
}; rootObject = 98F54143AB4E86B28C3AFEE0; }
